{
  "name": "@creatdevsolutions/service",
  "version": "0.0.4-beta9",
  "lockfileVersion": 1,
  "requires": true,
  "dependencies": {
    "@creatdevsolutions/bundesstrasse": {
      "version": "18.10.10",
      "resolved": "https://npm.creatdev-solutions.com/@creatdevsolutions%2fbundesstrasse/-/bundesstrasse-18.10.10.tgz",
      "integrity": "sha512-BHOus+0WKR7LtIpK0Ps83ZuBEfHS0SpPJg7QfJUBY+365CDCCFtJVtwLi6c1ijh5j1N/MXrHTunOHTg7oAZCLQ==",
      "requires": {
        "bufferutil": ">= 1.2.1",
        "cbor": "^4.1.1",
        "crypto-js": ">= 3.1.8",
        "msgpack5": "^4.2.1",
        "tweetnacl": ">= 0.14.3",
        "utf-8-validate": ">= 1.2.1",
        "when": ">= 3.7.7",
        "ws": "^6.1.0"
      }
    },
    "async-limiter": {
      "version": "1.0.0",
      "resolved": "https://npm.ci.server.creatdev-solutions.com/async-limiter/-/async-limiter-1.0.0.tgz",
      "integrity": "sha512-jp/uFnooOiO+L211eZOoSyzpOITMXx1rBITauYykG3BRYPu8h0UcxsPNB04RR5vo4Tyz3+ay17tR6JVf9qzYWg=="
    },
    "bignumber.js": {
      "version": "7.2.1",
      "resolved": "https://npm.ci.server.creatdev-solutions.com/bignumber.js/-/bignumber.js-7.2.1.tgz",
      "integrity": "sha512-S4XzBk5sMB+Rcb/LNcpzXr57VRTxgAvaAEDAl1AwRx27j00hT84O6OkteE7u8UB3NuaaygCRrEpqox4uDOrbdQ=="
    },
    "bl": {
      "version": "2.1.1",
      "resolved": "https://npm.creatdev-solutions.com/bl/-/bl-2.1.1.tgz",
      "integrity": "sha512-YTmzlmPyCuKGFSTLL3P7nlZHk+CDC3ddehCT+/ZwcI35jUjnpfSXlrAAr3hIEoD/+4TvKy27vMp7yc/q8aa6tA==",
      "requires": {
        "readable-stream": "^2.3.5",
        "safe-buffer": "^5.1.1"
      }
    },
    "bufferutil": {
      "version": "4.0.0",
      "resolved": "https://npm.creatdev-solutions.com/bufferutil/-/bufferutil-4.0.0.tgz",
      "integrity": "sha512-jpnqMVLo7sqfUY2W92RC4jjj9TuiOSkjB0k43TxPcrBSntZwXUOl8Krfd3eVEdApuScpSTwYKntm/dXU2T8gnw==",
      "optional": true,
      "requires": {
        "node-gyp-build": "~3.4.0"
      }
    },
    "cbor": {
      "version": "4.1.1",
      "resolved": "https://npm.creatdev-solutions.com/cbor/-/cbor-4.1.1.tgz",
      "integrity": "sha512-x9Pc1gT3JxUEZTOA9YdRdpg8hohBEFPAc26c85PlGYvzoc77PXr1lvfBKmBPFcf7eYsOs0hWRWWmfqJozrvDnw==",
      "requires": {
        "bignumber.js": "^7.2.1",
        "commander": "^2.16.0",
        "json-text-sequence": "^0.1",
        "nofilter": "^0.0.3"
      }
    },
    "commander": {
      "version": "2.19.0",
      "resolved": "https://npm.creatdev-solutions.com/commander/-/commander-2.19.0.tgz",
      "integrity": "sha512-6tvAOO+D6OENvRAh524Dh9jcfKTYDQAqvqezbCW82xj5X0pSrcpxtvRKHLG0yBY6SD7PSDrJaj+0AiOcKVd1Xg=="
    },
    "core-util-is": {
      "version": "1.0.2",
      "resolved": "https://npm.ci.server.creatdev-solutions.com/core-util-is/-/core-util-is-1.0.2.tgz",
      "integrity": "sha1-tf1UIgqivFq1eqtxQMlAdUUDwac="
    },
    "crypto-js": {
      "version": "3.1.8",
      "resolved": "https://npm.ci.server.creatdev-solutions.com/crypto-js/-/crypto-js-3.1.8.tgz",
      "integrity": "sha1-cV8HC/YBTyrpkqmLOSkli3E/CNU="
    },
    "delimit-stream": {
      "version": "0.1.0",
      "resolved": "https://npm.ci.server.creatdev-solutions.com/delimit-stream/-/delimit-stream-0.1.0.tgz",
      "integrity": "sha1-m4MZR3wOX4rrPONXrjBfwl6hzSs="
    },
    "inherits": {
      "version": "2.0.3",
      "resolved": "https://npm.ci.server.creatdev-solutions.com/inherits/-/inherits-2.0.3.tgz",
      "integrity": "sha1-Yzwsg+PaQqUC9SRmAiSA9CCCYd4="
    },
    "isarray": {
      "version": "1.0.0",
      "resolved": "https://npm.ci.server.creatdev-solutions.com/isarray/-/isarray-1.0.0.tgz",
      "integrity": "sha1-u5NdSFgsuhaMBoNJV6VKPgcSTxE="
    },
    "json-text-sequence": {
      "version": "0.1.1",
      "resolved": "https://npm.ci.server.creatdev-solutions.com/json-text-sequence/-/json-text-sequence-0.1.1.tgz",
      "integrity": "sha1-py8hfcSvxGKf/1/rME3BvVGi89I=",
      "requires": {
        "delimit-stream": "0.1.0"
      }
    },
    "lodash": {
      "version": "4.17.11",
      "resolved": "https://npm.creatdev-solutions.com/lodash/-/lodash-4.17.11.tgz",
      "integrity": "sha512-cQKh8igo5QUhZ7lg38DYWAxMvjSAKG0A8wGSVimP07SIUEK2UO+arSRKbRZWtelMtN5V0Hkwh5ryOto/SshYIg=="
    },
    "logplease": {
      "version": "1.2.15",
      "resolved": "https://npm.creatdev-solutions.com/logplease/-/logplease-1.2.15.tgz",
      "integrity": "sha512-jLlHnlsPSJjpwUfcNyUxXCl33AYg2cHhIf9QhGL2T4iPT0XPB+xP1LRKFPgIg1M/sg9kAJvy94w9CzBNrfnstA=="
    },
    "msgpack5": {
      "version": "4.2.1",
      "resolved": "https://npm.creatdev-solutions.com/msgpack5/-/msgpack5-4.2.1.tgz",
      "integrity": "sha512-Xo7nE9ZfBVonQi1rSopNAqPdts/QHyuSEUwIEzAkB+V2FtmkkLUbP6MyVqVVQxsZYI65FpvW3Bb8Z9ZWEjbgHQ==",
      "requires": {
        "bl": "^2.0.1",
        "inherits": "^2.0.3",
        "readable-stream": "^2.3.6",
        "safe-buffer": "^5.1.2"
      }
    },
    "node-gyp-build": {
      "version": "3.4.0",
      "resolved": "https://npm.creatdev-solutions.com/node-gyp-build/-/node-gyp-build-3.4.0.tgz",
      "integrity": "sha512-YoviGBJYGrPdLOKDIQB0sKxuKy/EEsxzooNkOZak4vSTKT/qH0Pa6dj3t1MJjEQGsefih61IyHDmO1WW7xOFfw==",
      "optional": true
    },
    "nofilter": {
      "version": "0.0.3",
      "resolved": "https://npm.ci.server.creatdev-solutions.com/nofilter/-/nofilter-0.0.3.tgz",
      "integrity": "sha1-JB40IHgXeoaTowQ+g/N1Z+J2QQw="
    },
    "process-nextick-args": {
      "version": "2.0.0",
      "resolved": "https://npm.ci.server.creatdev-solutions.com/process-nextick-args/-/process-nextick-args-2.0.0.tgz",
      "integrity": "sha512-MtEC1TqN0EU5nephaJ4rAtThHtC86dNN9qCuEhtshvpVBkAW5ZO7BASN9REnF9eoXGcRub+pFuKEpOHE+HbEMw=="
    },
    "readable-stream": {
      "version": "2.3.6",
      "resolved": "https://npm.ci.server.creatdev-solutions.com/readable-stream/-/readable-stream-2.3.6.tgz",
      "integrity": "sha512-tQtKA9WIAhBF3+VLAseyMqZeBjW0AHJoxOtYqSUZNJxauErmLbVm2FW1y+J/YA9dUrAC39ITejlZWhVIwawkKw==",
      "requires": {
        "core-util-is": "~1.0.0",
        "inherits": "~2.0.3",
        "isarray": "~1.0.0",
        "process-nextick-args": "~2.0.0",
        "safe-buffer": "~5.1.1",
        "string_decoder": "~1.1.1",
        "util-deprecate": "~1.0.1"
      }
    },
    "safe-buffer": {
      "version": "5.1.2",
      "resolved": "https://npm.ci.server.creatdev-solutions.com/safe-buffer/-/safe-buffer-5.1.2.tgz",
      "integrity": "sha512-Gd2UZBJDkXlY7GbJxfsE8/nvKkUEU1G38c1siN6QP6a9PT9MmHB8GnpscSmMJSoF8LOIrt8ud/wPtojys4G6+g=="
    },
    "string_decoder": {
      "version": "1.1.1",
      "resolved": "https://npm.ci.server.creatdev-solutions.com/string_decoder/-/string_decoder-1.1.1.tgz",
      "integrity": "sha512-n/ShnvDi6FHbbVfviro+WojiFzv+s8MPMHBczVePfUpDJLwoLT0ht1l4YwBCbi8pJAveEEdnkHyPyTP/mzRfwg==",
      "requires": {
        "safe-buffer": "~5.1.0"
      }
    },
    "tweetnacl": {
      "version": "1.0.0",
      "resolved": "https://npm.ci.server.creatdev-solutions.com/tweetnacl/-/tweetnacl-1.0.0.tgz",
      "integrity": "sha1-cT2LgY2kIGh0C/aDhtBHnmb8ins="
    },
    "utf-8-validate": {
      "version": "5.0.1",
      "resolved": "https://npm.creatdev-solutions.com/utf-8-validate/-/utf-8-validate-5.0.1.tgz",
      "integrity": "sha512-Qef1AuiWWxQeZ1Oa4DTV3ArRafpZvsK+CLrlB8khLfsV+9mwhj58hNSGmel0ns5jYP+3yEwav6vxxW7Gz85bVw==",
      "optional": true,
      "requires": {
        "node-gyp-build": "~3.4.0"
      }
    },
    "util-deprecate": {
      "version": "1.0.2",
      "resolved": "https://npm.ci.server.creatdev-solutions.com/util-deprecate/-/util-deprecate-1.0.2.tgz",
      "integrity": "sha1-RQ1Nyfpw3nMnYvvS1KKJgUGaDM8="
    },
    "when": {
      "version": "3.7.8",
      "resolved": "https://npm.ci.server.creatdev-solutions.com/when/-/when-3.7.8.tgz",
      "integrity": "sha1-xxMLan6gRpPoQs3J56Hyqjmjn4I="
    },
    "ws": {
      "version": "6.1.0",
      "resolved": "https://npm.creatdev-solutions.com/ws/-/ws-6.1.0.tgz",
      "integrity": "sha512-H3dGVdGvW2H8bnYpIDc3u3LH8Wue3Qh+Zto6aXXFzvESkTVT6rAfKR6tR/+coaUvxs8yHtmNV0uioBF62ZGSTg==",
      "requires": {
        "async-limiter": "~1.0.0"
      }
    }
  }
}
